
Microsoft Visual Studio Solution File, Format Version 12.00
# Visual Studio Version 17
VisualStudioVersion = 17.8.34330.188
MinimumVisualStudioVersion = 10.0.40219.1
Project("{9A19103F-16F7-4668-BE54-9A1E7A4F7556}") = "FribergCarRentalsRazorPageEdition", "FribergCarRentalsRazorPageEdition\FribergCarRentalsRazorPageEdition.csproj", "{673D15CC-A41D-4427-A64C-3683C6C2B4F6}"
EndProject
Project("{9A19103F-16F7-4668-BE54-9A1E7A4F7556}") = "FribergsCarRentals.DataAccess", "DAL\FribergsCarRentals.DataAccess.csproj", "{3E1E5AA6-6F78-4F81-8C71-EED00B662857}"
EndProject
Global
	GlobalSection(SolutionConfigurationPlatforms) = preSolution
		Debug|Any CPU = Debug|Any CPU
		Release|Any CPU = Release|Any CPU
	EndGlobalSection
	GlobalSection(ProjectConfigurationPlatforms) = postSolution
		{673D15CC-A41D-4427-A64C-3683C6C2B4F6}.Debug|Any CPU.ActiveCfg = Debug|Any CPU
		{673D15CC-A41D-4427-A64C-3683C6C2B4F6}.Debug|Any CPU.Build.0 = Debug|Any CPU
		{673D15CC-A41D-4427-A64C-3683C6C2B4F6}.Release|Any CPU.ActiveCfg = Release|Any CPU
		{673D15CC-A41D-4427-A64C-3683C6C2B4F6}.Release|Any CPU.Build.0 = Release|Any CPU
		{3E1E5AA6-6F78-4F81-8C71-EED00B662857}.Debug|Any CPU.ActiveCfg = Debug|Any CPU
		{3E1E5AA6-6F78-4F81-8C71-EED00B662857}.Debug|Any CPU.Build.0 = Debug|Any CPU
		{3E1E5AA6-6F78-4F81-8C71-EED00B662857}.Release|Any CPU.ActiveCfg = Release|Any CPU
		{3E1E5AA6-6F78-4F81-8C71-EED00B662857}.Release|Any CPU.Build.0 = Release|Any CPU
	EndGlobalSection
	GlobalSection(SolutionProperties) = preSolution
		HideSolutionNode = FALSE
	EndGlobalSection
	GlobalSection(ExtensibilityGlobals) = postSolution
		SolutionGuid = {37B54E28-B0AA-4C01-848E-A6C8D1087658}
	EndGlobalSection
EndGlobal
